
Microsoft Visual Studio Solution File, Format Version 12.00
Project("{FAE04EC0-301F-11D3-BF4B-00C04F79EFBC}") = "Gakko.API", "Gakko.API\Gakko.API.csproj", "{39D8217C-64C9-415C-A64D-2F8F14332710}"
EndProject
Project("{2150E333-8FDC-42A3-9474-1A3956D46DE8}") = "src", "src", "{D58B792D-F450-4350-B95E-1AA8B31102A2}"
EndProject
Project("{FAE04EC0-301F-11D3-BF4B-00C04F79EFBC}") = "Gakko.Core", "Gakko.Core\Gakko.Core.csproj", "{2C7B4F20-6FF2-42B4-ADC6-11A377192B8A}"
EndProject
Project("{FAE04EC0-301F-11D3-BF4B-00C04F79EFBC}") = "Gakko.Infrastructure", "Gakko.Infrastructure\Gakko.Infrastructure.csproj", "{DD272175-AA09-4985-8968-73508E58B6D8}"
EndProject
Project("{FAE04EC0-301F-11D3-BF4B-00C04F79EFBC}") = "Gakko.Application", "Gakko.Application\Gakko.Application.csproj", "{B5B19AE4-1096-4550-ACCA-9E430DF1A27E}"
EndProject
Project("{2150E333-8FDC-42A3-9474-1A3956D46DE8}") = "core", "core", "{A5FAA4B2-4EC8-4A5B-B137-92A33B858B9D}"
EndProject
Project("{2150E333-8FDC-42A3-9474-1A3956D46DE8}") = "infrastructure", "infrastructure", "{6BEC58E3-EB0C-4013-8B42-3AC8E3341C51}"
EndProject
Project("{2150E333-8FDC-42A3-9474-1A3956D46DE8}") = "ui", "ui", "{53B35D5F-8823-4740-8719-FD7030532087}"
EndProject
Global
	GlobalSection(SolutionConfigurationPlatforms) = preSolution
		Debug|Any CPU = Debug|Any CPU
		Release|Any CPU = Release|Any CPU
	EndGlobalSection
	GlobalSection(ProjectConfigurationPlatforms) = postSolution
		{39D8217C-64C9-415C-A64D-2F8F14332710}.Debug|Any CPU.ActiveCfg = Debug|Any CPU
		{39D8217C-64C9-415C-A64D-2F8F14332710}.Debug|Any CPU.Build.0 = Debug|Any CPU
		{39D8217C-64C9-415C-A64D-2F8F14332710}.Release|Any CPU.ActiveCfg = Release|Any CPU
		{39D8217C-64C9-415C-A64D-2F8F14332710}.Release|Any CPU.Build.0 = Release|Any CPU
		{2C7B4F20-6FF2-42B4-ADC6-11A377192B8A}.Debug|Any CPU.ActiveCfg = Debug|Any CPU
		{2C7B4F20-6FF2-42B4-ADC6-11A377192B8A}.Debug|Any CPU.Build.0 = Debug|Any CPU
		{2C7B4F20-6FF2-42B4-ADC6-11A377192B8A}.Release|Any CPU.ActiveCfg = Release|Any CPU
		{2C7B4F20-6FF2-42B4-ADC6-11A377192B8A}.Release|Any CPU.Build.0 = Release|Any CPU
		{DD272175-AA09-4985-8968-73508E58B6D8}.Debug|Any CPU.ActiveCfg = Debug|Any CPU
		{DD272175-AA09-4985-8968-73508E58B6D8}.Debug|Any CPU.Build.0 = Debug|Any CPU
		{DD272175-AA09-4985-8968-73508E58B6D8}.Release|Any CPU.ActiveCfg = Release|Any CPU
		{DD272175-AA09-4985-8968-73508E58B6D8}.Release|Any CPU.Build.0 = Release|Any CPU
		{B5B19AE4-1096-4550-ACCA-9E430DF1A27E}.Debug|Any CPU.ActiveCfg = Debug|Any CPU
		{B5B19AE4-1096-4550-ACCA-9E430DF1A27E}.Debug|Any CPU.Build.0 = Debug|Any CPU
		{B5B19AE4-1096-4550-ACCA-9E430DF1A27E}.Release|Any CPU.ActiveCfg = Release|Any CPU
		{B5B19AE4-1096-4550-ACCA-9E430DF1A27E}.Release|Any CPU.Build.0 = Release|Any CPU
	EndGlobalSection
	GlobalSection(NestedProjects) = preSolution
		{A5FAA4B2-4EC8-4A5B-B137-92A33B858B9D} = {D58B792D-F450-4350-B95E-1AA8B31102A2}
		{6BEC58E3-EB0C-4013-8B42-3AC8E3341C51} = {D58B792D-F450-4350-B95E-1AA8B31102A2}
		{53B35D5F-8823-4740-8719-FD7030532087} = {D58B792D-F450-4350-B95E-1AA8B31102A2}
		{39D8217C-64C9-415C-A64D-2F8F14332710} = {53B35D5F-8823-4740-8719-FD7030532087}
		{DD272175-AA09-4985-8968-73508E58B6D8} = {6BEC58E3-EB0C-4013-8B42-3AC8E3341C51}
		{2C7B4F20-6FF2-42B4-ADC6-11A377192B8A} = {A5FAA4B2-4EC8-4A5B-B137-92A33B858B9D}
		{B5B19AE4-1096-4550-ACCA-9E430DF1A27E} = {A5FAA4B2-4EC8-4A5B-B137-92A33B858B9D}
	EndGlobalSection
EndGlobal
